
Microsoft Visual Studio Solution File, Format Version 12.00
# Visual Studio 15
VisualStudioVersion = 15.0.28307.539
MinimumVisualStudioVersion = 10.0.40219.1
Project("{FAE04EC0-301F-11D3-BF4B-00C04F79EFBC}") = "FinalExam", "FinalExam\FinalExam.csproj", "{15713541-EB72-4344-A706-C4BD3A02DB76}"
EndProject
Project("{FAE04EC0-301F-11D3-BF4B-00C04F79EFBC}") = "FinalExamData", "FinalExamData\FinalExamData.csproj", "{1E14769D-810E-4606-9FB8-0E4ABE43238D}"
EndProject
Global
	GlobalSection(SolutionConfigurationPlatforms) = preSolution
		Debug|Any CPU = Debug|Any CPU
		Release|Any CPU = Release|Any CPU
	EndGlobalSection
	GlobalSection(ProjectConfigurationPlatforms) = postSolution
		{15713541-EB72-4344-A706-C4BD3A02DB76}.Debug|Any CPU.ActiveCfg = Debug|Any CPU
		{15713541-EB72-4344-A706-C4BD3A02DB76}.Debug|Any CPU.Build.0 = Debug|Any CPU
		{15713541-EB72-4344-A706-C4BD3A02DB76}.Release|Any CPU.ActiveCfg = Release|Any CPU
		{15713541-EB72-4344-A706-C4BD3A02DB76}.Release|Any CPU.Build.0 = Release|Any CPU
		{1E14769D-810E-4606-9FB8-0E4ABE43238D}.Debug|Any CPU.ActiveCfg = Debug|Any CPU
		{1E14769D-810E-4606-9FB8-0E4ABE43238D}.Debug|Any CPU.Build.0 = Debug|Any CPU
		{1E14769D-810E-4606-9FB8-0E4ABE43238D}.Release|Any CPU.ActiveCfg = Release|Any CPU
		{1E14769D-810E-4606-9FB8-0E4ABE43238D}.Release|Any CPU.Build.0 = Release|Any CPU
	EndGlobalSection
	GlobalSection(SolutionProperties) = preSolution
		HideSolutionNode = FALSE
	EndGlobalSection
	GlobalSection(ExtensibilityGlobals) = postSolution
		SolutionGuid = {C789F098-28D4-4AAC-B838-8F6E4A5640D3}
	EndGlobalSection
EndGlobal
